
Microsoft Visual Studio Solution File, Format Version 12.00
# Visual Studio Version 17
VisualStudioVersion = 17.12.35707.178 d17.12
MinimumVisualStudioVersion = 10.0.40219.1
Project("{FAE04EC0-301F-11D3-BF4B-00C04F79EFBC}") = "WiproDay5", "WiproDay5\WiproDay5.csproj", "{1C48545B-F4AB-4EBD-B00B-C8C18736C1BF}"
EndProject
Project("{FAE04EC0-301F-11D3-BF4B-00C04F79EFBC}") = "MultipleInheri", "MultipleInheri\MultipleInheri.csproj", "{FB2BCBD5-18A4-4F52-809B-DE39126230E2}"
EndProject
Project("{FAE04EC0-301F-11D3-BF4B-00C04F79EFBC}") = "Static", "Static\Static.csproj", "{EA161F95-70AD-44AB-A505-11432C050F4E}"
EndProject
Project("{FAE04EC0-301F-11D3-BF4B-00C04F79EFBC}") = "Collections", "Collections\Collections.csproj", "{B1F4C89C-6C82-4E70-AD5D-621692FE68AA}"
EndProject
Global
	GlobalSection(SolutionConfigurationPlatforms) = preSolution
		Debug|Any CPU = Debug|Any CPU
		Release|Any CPU = Release|Any CPU
	EndGlobalSection
	GlobalSection(ProjectConfigurationPlatforms) = postSolution
		{1C48545B-F4AB-4EBD-B00B-C8C18736C1BF}.Debug|Any CPU.ActiveCfg = Debug|Any CPU
		{1C48545B-F4AB-4EBD-B00B-C8C18736C1BF}.Debug|Any CPU.Build.0 = Debug|Any CPU
		{1C48545B-F4AB-4EBD-B00B-C8C18736C1BF}.Release|Any CPU.ActiveCfg = Release|Any CPU
		{1C48545B-F4AB-4EBD-B00B-C8C18736C1BF}.Release|Any CPU.Build.0 = Release|Any CPU
		{FB2BCBD5-18A4-4F52-809B-DE39126230E2}.Debug|Any CPU.ActiveCfg = Debug|Any CPU
		{FB2BCBD5-18A4-4F52-809B-DE39126230E2}.Debug|Any CPU.Build.0 = Debug|Any CPU
		{FB2BCBD5-18A4-4F52-809B-DE39126230E2}.Release|Any CPU.ActiveCfg = Release|Any CPU
		{FB2BCBD5-18A4-4F52-809B-DE39126230E2}.Release|Any CPU.Build.0 = Release|Any CPU
		{EA161F95-70AD-44AB-A505-11432C050F4E}.Debug|Any CPU.ActiveCfg = Debug|Any CPU
		{EA161F95-70AD-44AB-A505-11432C050F4E}.Debug|Any CPU.Build.0 = Debug|Any CPU
		{EA161F95-70AD-44AB-A505-11432C050F4E}.Release|Any CPU.ActiveCfg = Release|Any CPU
		{EA161F95-70AD-44AB-A505-11432C050F4E}.Release|Any CPU.Build.0 = Release|Any CPU
		{B1F4C89C-6C82-4E70-AD5D-621692FE68AA}.Debug|Any CPU.ActiveCfg = Debug|Any CPU
		{B1F4C89C-6C82-4E70-AD5D-621692FE68AA}.Debug|Any CPU.Build.0 = Debug|Any CPU
		{B1F4C89C-6C82-4E70-AD5D-621692FE68AA}.Release|Any CPU.ActiveCfg = Release|Any CPU
		{B1F4C89C-6C82-4E70-AD5D-621692FE68AA}.Release|Any CPU.Build.0 = Release|Any CPU
	EndGlobalSection
	GlobalSection(SolutionProperties) = preSolution
		HideSolutionNode = FALSE
	EndGlobalSection
EndGlobal
